
Microsoft Visual Studio Solution File, Format Version 12.00
# Visual Studio Version 17
VisualStudioVersion = 17.0.31912.275
MinimumVisualStudioVersion = 10.0.40219.1
Project("{FAE04EC0-301F-11D3-BF4B-00C04F79EFBC}") = "pr 14 teselko 01.01", "pr 14 teselko 01.01\pr 14 teselko 01.01.csproj", "{CF5A69F1-DA1D-4807-9966-1DB2CA324AF8}"
EndProject
Project("{FAE04EC0-301F-11D3-BF4B-00C04F79EFBC}") = "LibMas", "LibMas\LibMas.csproj", "{3C2E7C51-0BD4-4D4B-B364-A274C1F22181}"
EndProject
Global
	GlobalSection(SolutionConfigurationPlatforms) = preSolution
		Debug|Any CPU = Debug|Any CPU
		Release|Any CPU = Release|Any CPU
	EndGlobalSection
	GlobalSection(ProjectConfigurationPlatforms) = postSolution
		{CF5A69F1-DA1D-4807-9966-1DB2CA324AF8}.Debug|Any CPU.ActiveCfg = Debug|Any CPU
		{CF5A69F1-DA1D-4807-9966-1DB2CA324AF8}.Debug|Any CPU.Build.0 = Debug|Any CPU
		{CF5A69F1-DA1D-4807-9966-1DB2CA324AF8}.Release|Any CPU.ActiveCfg = Release|Any CPU
		{CF5A69F1-DA1D-4807-9966-1DB2CA324AF8}.Release|Any CPU.Build.0 = Release|Any CPU
		{3C2E7C51-0BD4-4D4B-B364-A274C1F22181}.Debug|Any CPU.ActiveCfg = Debug|Any CPU
		{3C2E7C51-0BD4-4D4B-B364-A274C1F22181}.Debug|Any CPU.Build.0 = Debug|Any CPU
		{3C2E7C51-0BD4-4D4B-B364-A274C1F22181}.Release|Any CPU.ActiveCfg = Release|Any CPU
		{3C2E7C51-0BD4-4D4B-B364-A274C1F22181}.Release|Any CPU.Build.0 = Release|Any CPU
	EndGlobalSection
	GlobalSection(SolutionProperties) = preSolution
		HideSolutionNode = FALSE
	EndGlobalSection
	GlobalSection(ExtensibilityGlobals) = postSolution
		SolutionGuid = {BF4D54FC-9D98-4B5A-9749-1BCFC6C7978E}
	EndGlobalSection
EndGlobal
